
Microsoft Visual Studio Solution File, Format Version 12.00
# Visual Studio Version 16
VisualStudioVersion = 16.0.31205.134
MinimumVisualStudioVersion = 10.0.40219.1
Project("{FAE04EC0-301F-11D3-BF4B-00C04F79EFBC}") = "Lab11", "Lab11.csproj", "{FAA3EDD2-02B2-435F-918A-9D8A4BB5EFE6}"
EndProject
Global
	GlobalSection(SolutionConfigurationPlatforms) = preSolution
		Debug|Any CPU = Debug|Any CPU
		Release|Any CPU = Release|Any CPU
	EndGlobalSection
	GlobalSection(ProjectConfigurationPlatforms) = postSolution
		{FAA3EDD2-02B2-435F-918A-9D8A4BB5EFE6}.Debug|Any CPU.ActiveCfg = Debug|Any CPU
		{FAA3EDD2-02B2-435F-918A-9D8A4BB5EFE6}.Debug|Any CPU.Build.0 = Debug|Any CPU
		{FAA3EDD2-02B2-435F-918A-9D8A4BB5EFE6}.Release|Any CPU.ActiveCfg = Release|Any CPU
		{FAA3EDD2-02B2-435F-918A-9D8A4BB5EFE6}.Release|Any CPU.Build.0 = Release|Any CPU
	EndGlobalSection
	GlobalSection(SolutionProperties) = preSolution
		HideSolutionNode = FALSE
	EndGlobalSection
	GlobalSection(ExtensibilityGlobals) = postSolution
		SolutionGuid = {EB33E24B-0FE4-441E-AC96-9071BC5B681A}
	EndGlobalSection
EndGlobal
